
Microsoft Visual Studio Solution File, Format Version 12.00
# Visual Studio Version 17
VisualStudioVersion = 17.5.33530.505
MinimumVisualStudioVersion = 10.0.40219.1
Project("{FAE04EC0-301F-11D3-BF4B-00C04F79EFBC}") = "FamilyWebAPImodels", "FamilyWebAPImodels.csproj", "{1CA1E10B-1ABD-4C9B-B29D-CD5FB70E0DD6}"
EndProject
Global
	GlobalSection(SolutionConfigurationPlatforms) = preSolution
		Debug|Any CPU = Debug|Any CPU
		Release|Any CPU = Release|Any CPU
	EndGlobalSection
	GlobalSection(ProjectConfigurationPlatforms) = postSolution
		{1CA1E10B-1ABD-4C9B-B29D-CD5FB70E0DD6}.Debug|Any CPU.ActiveCfg = Debug|Any CPU
		{1CA1E10B-1ABD-4C9B-B29D-CD5FB70E0DD6}.Debug|Any CPU.Build.0 = Debug|Any CPU
		{1CA1E10B-1ABD-4C9B-B29D-CD5FB70E0DD6}.Release|Any CPU.ActiveCfg = Release|Any CPU
		{1CA1E10B-1ABD-4C9B-B29D-CD5FB70E0DD6}.Release|Any CPU.Build.0 = Release|Any CPU
	EndGlobalSection
	GlobalSection(SolutionProperties) = preSolution
		HideSolutionNode = FALSE
	EndGlobalSection
	GlobalSection(ExtensibilityGlobals) = postSolution
		SolutionGuid = {3CB4BE9B-5579-4615-B0CE-BDDA65E65935}
	EndGlobalSection
EndGlobal
